# This file is autogenerated, do not edit; changes may be undone by the next 'dep ensure'.


[[projects]]
  name = "github.com/kpango/glg"
  packages = ["."]
  revision = "cb0c8857f1215695015b871c1a877874f81878b0"
  version = "v1.2.1"

[solve-meta]
  analyzer-name = "dep"
  analyzer-version = 1
  inputs-digest = "f347e8847796b35d4cbde471119d0deedcf13bccd895051f79728df5f3d7d551"
  solver-name = "gps-cdcl"
  solver-version = 1
